
Microsoft Visual Studio Solution File, Format Version 12.00
# Visual Studio Version 16
VisualStudioVersion = 16.0.30517.126
MinimumVisualStudioVersion = 10.0.40219.1
Project("{FAE04EC0-301F-11D3-BF4B-00C04F79EFBC}") = "Prb.ErrorsAndExceptions.Start.Wpf", "Prb.ErrorsAndExceptions.Start.Wpf\Prb.ErrorsAndExceptions.Start.Wpf.csproj", "{9FB30AE9-80CE-4B03-8B3A-5422C6F1B5E9}"
EndProject
Global
	GlobalSection(SolutionConfigurationPlatforms) = preSolution
		Debug|Any CPU = Debug|Any CPU
		Release|Any CPU = Release|Any CPU
	EndGlobalSection
	GlobalSection(ProjectConfigurationPlatforms) = postSolution
		{9FB30AE9-80CE-4B03-8B3A-5422C6F1B5E9}.Debug|Any CPU.ActiveCfg = Debug|Any CPU
		{9FB30AE9-80CE-4B03-8B3A-5422C6F1B5E9}.Debug|Any CPU.Build.0 = Debug|Any CPU
		{9FB30AE9-80CE-4B03-8B3A-5422C6F1B5E9}.Release|Any CPU.ActiveCfg = Release|Any CPU
		{9FB30AE9-80CE-4B03-8B3A-5422C6F1B5E9}.Release|Any CPU.Build.0 = Release|Any CPU
	EndGlobalSection
	GlobalSection(SolutionProperties) = preSolution
		HideSolutionNode = FALSE
	EndGlobalSection
	GlobalSection(ExtensibilityGlobals) = postSolution
		SolutionGuid = {BE6BD720-3EDE-4732-A660-F1716A17D6A8}
	EndGlobalSection
EndGlobal
